// !$*UTF8*$!
{
	archiveVersion = 1;
	classes = {
	};
	objectVersion = 50;
	objects = {

/* Begin PBXBuildFile section */
		08301B2022156616009626A7 /* AppDelegate.swift in Sources */ = {isa = PBXBuildFile; fileRef = 08301B1F22156616009626A7 /* AppDelegate.swift */; };
		08301B2222156616009626A7 /* CheckListViewController.swift in Sources */ = {isa = PBXBuildFile; fileRef = 08301B2122156616009626A7 /* CheckListViewController.swift */; };
		08301B2522156616009626A7 /* Main.storyboard in Resources */ = {isa = PBXBuildFile; fileRef = 08301B2322156616009626A7 /* Main.storyboard */; };
		08301B2722156617009626A7 /* Assets.xcassets in Resources */ = {isa = PBXBuildFile; fileRef = 08301B2622156617009626A7 /* Assets.xcassets */; };
		08301B2A22156617009626A7 /* LaunchScreen.storyboard in Resources */ = {isa = PBXBuildFile; fileRef = 08301B2822156617009626A7 /* LaunchScreen.storyboard */; };
		08301B3B22157469009626A7 /* CheckListItem.swift in Sources */ = {isa = PBXBuildFile; fileRef = 08301B3A22157469009626A7 /* CheckListItem.swift */; };
		08301B3D221584EF009626A7 /* ItemViewController.swift in Sources */ = {isa = PBXBuildFile; fileRef = 08301B3C221584EF009626A7 /* ItemViewController.swift */; };
		085C19CD221EE5C100D56A17 /* DataModel.swift in Sources */ = {isa = PBXBuildFile; fileRef = 085C19CC221EE5C100D56A17 /* DataModel.swift */; };
		089C2C072215CA4F00F1D880 /* CheckMarkViewCell.swift in Sources */ = {isa = PBXBuildFile; fileRef = 089C2C062215CA4F00F1D880 /* CheckMarkViewCell.swift */; };
		08B9BC93221EB8C500BB6F94 /* AllListViewController.swift in Sources */ = {isa = PBXBuildFile; fileRef = 08B9BC92221EB8C500BB6F94 /* AllListViewController.swift */; };
		08B9BC95221EB8DF00BB6F94 /* ListDetailViewController.swift in Sources */ = {isa = PBXBuildFile; fileRef = 08B9BC94221EB8DF00BB6F94 /* ListDetailViewController.swift */; };
		08B9BC97221EC14F00BB6F94 /* CheckList.swift in Sources */ = {isa = PBXBuildFile; fileRef = 08B9BC96221EC14F00BB6F94 /* CheckList.swift */; };
/* End PBXBuildFile section */

/* Begin PBXFileReference section */
		08301B1C22156616009626A7 /* todos-app.app */ = {isa = PBXFileReference; explicitFileType = wrapper.application; includeInIndex = 0; path = "todos-app.app"; sourceTree = BUILT_PRODUCTS_DIR; };
		08301B1F22156616009626A7 /* AppDelegate.swift */ = {isa = PBXFileReference; lastKnownFileType = sourcecode.swift; path = AppDelegate.swift; sourceTree = "<group>"; };
		08301B2122156616009626A7 /* CheckListViewController.swift */ = {isa = PBXFileReference; lastKnownFileType = sourcecode.swift; path = CheckListViewController.swift; sourceTree = "<group>"; };
		08301B2422156616009626A7 /* Base */ = {isa = PBXFileReference; lastKnownFileType = file.storyboard; name = Base; path = Base.lproj/Main.storyboard; sourceTree = "<group>"; };
		08301B2622156617009626A7 /* Assets.xcassets */ = {isa = PBXFileReference; lastKnownFileType = folder.assetcatalog; path = Assets.xcassets; sourceTree = "<group>"; };
		08301B2922156617009626A7 /* Base */ = {isa = PBXFileReference; lastKnownFileType = file.storyboard; name = Base; path = Base.lproj/LaunchScreen.storyboard; sourceTree = "<group>"; };
		08301B2B22156617009626A7 /* Info.plist */ = {isa = PBXFileReference; lastKnownFileType = text.plist.xml; path = Info.plist; sourceTree = "<group>"; };
		08301B3A22157469009626A7 /* CheckListItem.swift */ = {isa = PBXFileReference; lastKnownFileType = sourcecode.swift; path = CheckListItem.swift; sourceTree = "<group>"; };
		08301B3C221584EF009626A7 /* ItemViewController.swift */ = {isa = PBXFileReference; lastKnownFileType = sourcecode.swift; path = ItemViewController.swift; sourceTree = "<group>"; };
		085C19CC221EE5C100D56A17 /* DataModel.swift */ = {isa = PBXFileReference; lastKnownFileType = sourcecode.swift; path = DataModel.swift; sourceTree = "<group>"; };
		089C2C062215CA4F00F1D880 /* CheckMarkViewCell.swift */ = {isa = PBXFileReference; lastKnownFileType = sourcecode.swift; path = CheckMarkViewCell.swift; sourceTree = "<group>"; };
		08B9BC92221EB8C500BB6F94 /* AllListViewController.swift */ = {isa = PBXFileReference; lastKnownFileType = sourcecode.swift; path = AllListViewController.swift; sourceTree = "<group>"; };
		08B9BC94221EB8DF00BB6F94 /* ListDetailViewController.swift */ = {isa = PBXFileReference; lastKnownFileType = sourcecode.swift; path = ListDetailViewController.swift; sourceTree = "<group>"; };
		08B9BC96221EC14F00BB6F94 /* CheckList.swift */ = {isa = PBXFileReference; lastKnownFileType = sourcecode.swift; path = CheckList.swift; sourceTree = "<group>"; };
/* End PBXFileReference section */

/* Begin PBXFrameworksBuildPhase section */
		08301B1922156616009626A7 /* Frameworks */ = {
			isa = PBXFrameworksBuildPhase;
			buildActionMask = 2147483647;
			files = (
			);
			runOnlyForDeploymentPostprocessing = 0;
		};
/* End PBXFrameworksBuildPhase section */

/* Begin PBXGroup section */
		08301B1322156616009626A7 = {
			isa = PBXGroup;
			children = (
				08301B1E22156616009626A7 /* todos-app */,
				08301B1D22156616009626A7 /* Products */,
			);
			sourceTree = "<group>";
		};
		08301B1D22156616009626A7 /* Products */ = {
			isa = PBXGroup;
			children = (
				08301B1C22156616009626A7 /* todos-app.app */,
			);
			name = Products;
			sourceTree = "<group>";
		};
		08301B1E22156616009626A7 /* todos-app */ = {
			isa = PBXGroup;
			children = (
				08301B382215743D009626A7 /* assets */,
				08301B3222156A2E009626A7 /* presentation */,
				08301B3122156A26009626A7 /* data */,
				08301B1F22156616009626A7 /* AppDelegate.swift */,
				08301B2B22156617009626A7 /* Info.plist */,
			);
			path = "todos-app";
			sourceTree = "<group>";
		};
		08301B3122156A26009626A7 /* data */ = {
			isa = PBXGroup;
			children = (
				085C19CB221EE5A800D56A17 /* manager */,
				08301B3622156AED009626A7 /* model */,
			);
			path = data;
			sourceTree = "<group>";
		};
		08301B3222156A2E009626A7 /* presentation */ = {
			isa = PBXGroup;
			children = (
				08301B3722156AF6009626A7 /* presenter */,
				08301B3322156AB3009626A7 /* ui */,
			);
			path = presentation;
			sourceTree = "<group>";
		};
		08301B3322156AB3009626A7 /* ui */ = {
			isa = PBXGroup;
			children = (
				08301B3922157449009626A7 /* storyboard */,
				08301B3522156AC7009626A7 /* view */,
				08301B3422156ABA009626A7 /* viewcontroller */,
			);
			path = ui;
			sourceTree = "<group>";
		};
		08301B3422156ABA009626A7 /* viewcontroller */ = {
			isa = PBXGroup;
			children = (
				08301B2122156616009626A7 /* CheckListViewController.swift */,
				08301B3C221584EF009626A7 /* ItemViewController.swift */,
				089C2C062215CA4F00F1D880 /* CheckMarkViewCell.swift */,
				08B9BC92221EB8C500BB6F94 /* AllListViewController.swift */,
				08B9BC94221EB8DF00BB6F94 /* ListDetailViewController.swift */,
			);
			path = viewcontroller;
			sourceTree = "<group>";
		};
		08301B3522156AC7009626A7 /* view */ = {
			isa = PBXGroup;
			children = (
			);
			path = view;
			sourceTree = "<group>";
		};
		08301B3622156AED009626A7 /* model */ = {
			isa = PBXGroup;
			children = (
				08301B3A22157469009626A7 /* CheckListItem.swift */,
				08B9BC96221EC14F00BB6F94 /* CheckList.swift */,
			);
			path = model;
			sourceTree = "<group>";
		};
		08301B3722156AF6009626A7 /* presenter */ = {
			isa = PBXGroup;
			children = (
			);
			path = presenter;
			sourceTree = "<group>";
		};
		08301B382215743D009626A7 /* assets */ = {
			isa = PBXGroup;
			children = (
				08301B2622156617009626A7 /* Assets.xcassets */,
			);
			path = assets;
			sourceTree = "<group>";
		};
		08301B3922157449009626A7 /* storyboard */ = {
			isa = PBXGroup;
			children = (
				08301B2322156616009626A7 /* Main.storyboard */,
				08301B2822156617009626A7 /* LaunchScreen.storyboard */,
			);
			path = storyboard;
			sourceTree = "<group>";
		};
		085C19CB221EE5A800D56A17 /* manager */ = {
			isa = PBXGroup;
			children = (
				085C19CC221EE5C100D56A17 /* DataModel.swift */,
			);
			path = manager;
			sourceTree = "<group>";
		};
/* End PBXGroup section */

/* Begin PBXNativeTarget section */
		08301B1B22156616009626A7 /* todos-app */ = {
			isa = PBXNativeTarget;
			buildConfigurationList = 08301B2E22156617009626A7 /* Build configuration list for PBXNativeTarget "todos-app" */;
			buildPhases = (
				08301B1822156616009626A7 /* Sources */,
				08301B1922156616009626A7 /* Frameworks */,
				08301B1A22156616009626A7 /* Resources */,
			);
			buildRules = (
			);
			dependencies = (
			);
			name = "todos-app";
			productName = "todos-app";
			productReference = 08301B1C22156616009626A7 /* todos-app.app */;
			productType = "com.apple.product-type.application";
		};
/* End PBXNativeTarget section */

/* Begin PBXProject section */
		08301B1422156616009626A7 /* Project object */ = {
			isa = PBXProject;
			attributes = {
				LastSwiftUpdateCheck = 1010;
				LastUpgradeCheck = 1010;
				ORGANIZATIONNAME = lpiem;
				TargetAttributes = {
					08301B1B22156616009626A7 = {
						CreatedOnToolsVersion = 10.1;
					};
				};
			};
			buildConfigurationList = 08301B1722156616009626A7 /* Build configuration list for PBXProject "todos-app" */;
			compatibilityVersion = "Xcode 9.3";
			developmentRegion = en;
			hasScannedForEncodings = 0;
			knownRegions = (
				en,
				Base,
			);
			mainGroup = 08301B1322156616009626A7;
			productRefGroup = 08301B1D22156616009626A7 /* Products */;
			projectDirPath = "";
			projectRoot = "";
			targets = (
				08301B1B22156616009626A7 /* todos-app */,
			);
		};
/* End PBXProject section */

/* Begin PBXResourcesBuildPhase section */
		08301B1A22156616009626A7 /* Resources */ = {
			isa = PBXResourcesBuildPhase;
			buildActionMask = 2147483647;
			files = (
				08301B2A22156617009626A7 /* LaunchScreen.storyboard in Resources */,
				08301B2722156617009626A7 /* Assets.xcassets in Resources */,
				08301B2522156616009626A7 /* Main.storyboard in Resources */,
			);
			runOnlyForDeploymentPostprocessing = 0;
		};
/* End PBXResourcesBuildPhase section */

/* Begin PBXSourcesBuildPhase section */
		08301B1822156616009626A7 /* Sources */ = {
			isa = PBXSourcesBuildPhase;
			buildActionMask = 2147483647;
			files = (
				08B9BC93221EB8C500BB6F94 /* AllListViewController.swift in Sources */,
				08B9BC95221EB8DF00BB6F94 /* ListDetailViewController.swift in Sources */,
				08301B3D221584EF009626A7 /* ItemViewController.swift in Sources */,
				085C19CD221EE5C100D56A17 /* DataModel.swift in Sources */,
				08301B3B22157469009626A7 /* CheckListItem.swift in Sources */,
				08B9BC97221EC14F00BB6F94 /* CheckList.swift in Sources */,
				08301B2222156616009626A7 /* CheckListViewController.swift in Sources */,
				089C2C072215CA4F00F1D880 /* CheckMarkViewCell.swift in Sources */,
				08301B2022156616009626A7 /* AppDelegate.swift in Sources */,
			);
			runOnlyForDeploymentPostprocessing = 0;
		};
/* End PBXSourcesBuildPhase section */

/* Begin PBXVariantGroup section */
		08301B2322156616009626A7 /* Main.storyboard */ = {
			isa = PBXVariantGroup;
			children = (
				08301B2422156616009626A7 /* Base */,
			);
			name = Main.storyboard;
			sourceTree = "<group>";
		};
		08301B2822156617009626A7 /* LaunchScreen.storyboard */ = {
			isa = PBXVariantGroup;
			children = (
				08301B2922156617009626A7 /* Base */,
			);
			name = LaunchScreen.storyboard;
			sourceTree = "<group>";
		};
/* End PBXVariantGroup section */

/* Begin XCBuildConfiguration section */
		08301B2C22156617009626A7 /* Debug */ = {
			isa = XCBuildConfiguration;
			buildSettings = {
				ALWAYS_SEARCH_USER_PATHS = NO;
				CLANG_ANALYZER_NONNULL = YES;
				CLANG_ANALYZER_NUMBER_OBJECT_CONVERSION = YES_AGGRESSIVE;
				CLANG_CXX_LANGUAGE_STANDARD = "gnu++14";
				CLANG_CXX_LIBRARY = "libc++";
				CLANG_ENABLE_MODULES = YES;
				CLANG_ENABLE_OBJC_ARC = YES;
				CLANG_ENABLE_OBJC_WEAK = YES;
				CLANG_WARN_BLOCK_CAPTURE_AUTORELEASING = YES;
				CLANG_WARN_BOOL_CONVERSION = YES;
				CLANG_WARN_COMMA = YES;
				CLANG_WARN_CONSTANT_CONVERSION = YES;
				CLANG_WARN_DEPRECATED_OBJC_IMPLEMENTATIONS = YES;
				CLANG_WARN_DIRECT_OBJC_ISA_USAGE = YES_ERROR;
				CLANG_WARN_DOCUMENTATION_COMMENTS = YES;
				CLANG_WARN_EMPTY_BODY = YES;
				CLANG_WARN_ENUM_CONVERSION = YES;
				CLANG_WARN_INFINITE_RECURSION = YES;
				CLANG_WARN_INT_CONVERSION = YES;
				CLANG_WARN_NON_LITERAL_NULL_CONVERSION = YES;
				CLANG_WARN_OBJC_IMPLICIT_RETAIN_SELF = YES;
				CLANG_WARN_OBJC_LITERAL_CONVERSION = YES;
				CLANG_WARN_OBJC_ROOT_CLASS = YES_ERROR;
				CLANG_WARN_RANGE_LOOP_ANALYSIS = YES;
				CLANG_WARN_STRICT_PROTOTYPES = YES;
				CLANG_WARN_SUSPICIOUS_MOVE = YES;
				CLANG_WARN_UNGUARDED_AVAILABILITY = YES_AGGRESSIVE;
				CLANG_WARN_UNREACHABLE_CODE = YES;
				CLANG_WARN__DUPLICATE_METHOD_MATCH = YES;
				CODE_SIGN_IDENTITY = "iPhone Developer";
				COPY_PHASE_STRIP = NO;
				DEBUG_INFORMATION_FORMAT = dwarf;
				ENABLE_STRICT_OBJC_MSGSEND = YES;
				ENABLE_TESTABILITY = YES;
				GCC_C_LANGUAGE_STANDARD = gnu11;
				GCC_DYNAMIC_NO_PIC = NO;
				GCC_NO_COMMON_BLOCKS = YES;
				GCC_OPTIMIZATION_LEVEL = 0;
				GCC_PREPROCESSOR_DEFINITIONS = (
					"DEBUG=1",
					"$(inherited)",
				);
				GCC_WARN_64_TO_32_BIT_CONVERSION = YES;
				GCC_WARN_ABOUT_RETURN_TYPE = YES_ERROR;
				GCC_WARN_UNDECLARED_SELECTOR = YES;
				GCC_WARN_UNINITIALIZED_AUTOS = YES_AGGRESSIVE;
				GCC_WARN_UNUSED_FUNCTION = YES;
				GCC_WARN_UNUSED_VARIABLE = YES;
				IPHONEOS_DEPLOYMENT_TARGET = 12.1;
				MTL_ENABLE_DEBUG_INFO = INCLUDE_SOURCE;
				MTL_FAST_MATH = YES;
				ONLY_ACTIVE_ARCH = YES;
				SDKROOT = iphoneos;
				SWIFT_ACTIVE_COMPILATION_CONDITIONS = DEBUG;
				SWIFT_OPTIMIZATION_LEVEL = "-Onone";
			};
			name = Debug;
		};
		08301B2D22156617009626A7 /* Release */ = {
			isa = XCBuildConfiguration;
			buildSettings = {
				ALWAYS_SEARCH_USER_PATHS = NO;
				CLANG_ANALYZER_NONNULL = YES;
				CLANG_ANALYZER_NUMBER_OBJECT_CONVERSION = YES_AGGRESSIVE;
				CLANG_CXX_LANGUAGE_STANDARD = "gnu++14";
				CLANG_CXX_LIBRARY = "libc++";
				CLANG_ENABLE_MODULES = YES;
				CLANG_ENABLE_OBJC_ARC = YES;
				CLANG_ENABLE_OBJC_WEAK = YES;
				CLANG_WARN_BLOCK_CAPTURE_AUTORELEASING = YES;
				CLANG_WARN_BOOL_CONVERSION = YES;
				CLANG_WARN_COMMA = YES;
				CLANG_WARN_CONSTANT_CONVERSION = YES;
				CLANG_WARN_DEPRECATED_OBJC_IMPLEMENTATIONS = YES;
				CLANG_WARN_DIRECT_OBJC_ISA_USAGE = YES_ERROR;
				CLANG_WARN_DOCUMENTATION_COMMENTS = YES;
				CLANG_WARN_EMPTY_BODY = YES;
				CLANG_WARN_ENUM_CONVERSION = YES;
				CLANG_WARN_INFINITE_RECURSION = YES;
				CLANG_WARN_INT_CONVERSION = YES;
				CLANG_WARN_NON_LITERAL_NULL_CONVERSION = YES;
				CLANG_WARN_OBJC_IMPLICIT_RETAIN_SELF = YES;
				CLANG_WARN_OBJC_LITERAL_CONVERSION = YES;
				CLANG_WARN_OBJC_ROOT_CLASS = YES_ERROR;
				CLANG_WARN_RANGE_LOOP_ANALYSIS = YES;
				CLANG_WARN_STRICT_PROTOTYPES = YES;
				CLANG_WARN_SUSPICIOUS_MOVE = YES;
				CLANG_WARN_UNGUARDED_AVAILABILITY = YES_AGGRESSIVE;
				CLANG_WARN_UNREACHABLE_CODE = YES;
				CLANG_WARN__DUPLICATE_METHOD_MATCH = YES;
				CODE_SIGN_IDENTITY = "iPhone Developer";
				COPY_PHASE_STRIP = NO;
				DEBUG_INFORMATION_FORMAT = "dwarf-with-dsym";
				ENABLE_NS_ASSERTIONS = NO;
				ENABLE_STRICT_OBJC_MSGSEND = YES;
				GCC_C_LANGUAGE_STANDARD = gnu11;
				GCC_NO_COMMON_BLOCKS = YES;
				GCC_WARN_64_TO_32_BIT_CONVERSION = YES;
				GCC_WARN_ABOUT_RETURN_TYPE = YES_ERROR;
				GCC_WARN_UNDECLARED_SELECTOR = YES;
				GCC_WARN_UNINITIALIZED_AUTOS = YES_AGGRESSIVE;
				GCC_WARN_UNUSED_FUNCTION = YES;
				GCC_WARN_UNUSED_VARIABLE = YES;
				IPHONEOS_DEPLOYMENT_TARGET = 12.1;
				MTL_ENABLE_DEBUG_INFO = NO;
				MTL_FAST_MATH = YES;
				SDKROOT = iphoneos;
				SWIFT_COMPILATION_MODE = wholemodule;
				SWIFT_OPTIMIZATION_LEVEL = "-O";
				VALIDATE_PRODUCT = YES;
			};
			name = Release;
		};
		08301B2F22156617009626A7 /* Debug */ = {
			isa = XCBuildConfiguration;
			buildSettings = {
				ASSETCATALOG_COMPILER_APPICON_NAME = AppIcon;
				CODE_SIGN_STYLE = Automatic;
				INFOPLIST_FILE = "todos-app/Info.plist";
				LD_RUNPATH_SEARCH_PATHS = (
					"$(inherited)",
					"@executable_path/Frameworks",
				);
				PRODUCT_BUNDLE_IDENTIFIER = "fr.lp.iem.todos-app";
				PRODUCT_NAME = "$(TARGET_NAME)";
				SWIFT_VERSION = 4.2;
				TARGETED_DEVICE_FAMILY = "1,2";
			};
			name = Debug;
		};
		08301B3022156617009626A7 /* Release */ = {
			isa = XCBuildConfiguration;
			buildSettings = {
				ASSETCATALOG_COMPILER_APPICON_NAME = AppIcon;
				CODE_SIGN_STYLE = Automatic;
				INFOPLIST_FILE = "todos-app/Info.plist";
				LD_RUNPATH_SEARCH_PATHS = (
					"$(inherited)",
					"@executable_path/Frameworks",
				);
				PRODUCT_BUNDLE_IDENTIFIER = "fr.lp.iem.todos-app";
				PRODUCT_NAME = "$(TARGET_NAME)";
				SWIFT_VERSION = 4.2;
				TARGETED_DEVICE_FAMILY = "1,2";
			};
			name = Release;
		};
/* End XCBuildConfiguration section */

/* Begin XCConfigurationList section */
		08301B1722156616009626A7 /* Build configuration list for PBXProject "todos-app" */ = {
			isa = XCConfigurationList;
			buildConfigurations = (
				08301B2C22156617009626A7 /* Debug */,
				08301B2D22156617009626A7 /* Release */,
			);
			defaultConfigurationIsVisible = 0;
			defaultConfigurationName = Release;
		};
		08301B2E22156617009626A7 /* Build configuration list for PBXNativeTarget "todos-app" */ = {
			isa = XCConfigurationList;
			buildConfigurations = (
				08301B2F22156617009626A7 /* Debug */,
				08301B3022156617009626A7 /* Release */,
			);
			defaultConfigurationIsVisible = 0;
			defaultConfigurationName = Release;
		};
/* End XCConfigurationList section */
	};
	rootObject = 08301B1422156616009626A7 /* Project object */;
}
